
Microsoft Visual Studio Solution File, Format Version 12.00
# Visual Studio Version 16
VisualStudioVersion = 16.0.29609.76
MinimumVisualStudioVersion = 10.0.40219.1
Project("{FAE04EC0-301F-11D3-BF4B-00C04F79EFBC}") = "GiphyAPITest", "GiphyAPITest\GiphyAPITest.csproj", "{B8C36193-4411-4CE5-9711-989FFF8BF4EA}"
EndProject
Global
	GlobalSection(SolutionConfigurationPlatforms) = preSolution
		Debug|Any CPU = Debug|Any CPU
		Release|Any CPU = Release|Any CPU
	EndGlobalSection
	GlobalSection(ProjectConfigurationPlatforms) = postSolution
		{B8C36193-4411-4CE5-9711-989FFF8BF4EA}.Debug|Any CPU.ActiveCfg = Debug|Any CPU
		{B8C36193-4411-4CE5-9711-989FFF8BF4EA}.Debug|Any CPU.Build.0 = Debug|Any CPU
		{B8C36193-4411-4CE5-9711-989FFF8BF4EA}.Release|Any CPU.ActiveCfg = Release|Any CPU
		{B8C36193-4411-4CE5-9711-989FFF8BF4EA}.Release|Any CPU.Build.0 = Release|Any CPU
	EndGlobalSection
	GlobalSection(SolutionProperties) = preSolution
		HideSolutionNode = FALSE
	EndGlobalSection
	GlobalSection(ExtensibilityGlobals) = postSolution
		SolutionGuid = {F4CA209F-70A3-49DC-93FC-BE0730F0D49C}
	EndGlobalSection
EndGlobal
